{
  "name": "Aura",
  "lockfileVersion": 3,
  "requires": true,
  "packages": {
    "": {
      "dependencies": {
        "@unocss/reset": "^66.2.0"
      }
    },
    "node_modules/@unocss/reset": {
      "version": "66.2.0",
      "resolved": "https://registry.npmjs.org/@unocss/reset/-/reset-66.2.0.tgz",
      "integrity": "sha512-lANXvmU81Cmx5wo4Bwuw9VhOdOFzo/I2L0RCHSmH22m6+VQwG+ho9YONygf6AcN/ookyXX2F7si3CPM6Hkf4Cw==",
      "license": "MIT",
      "funding": {
        "url": "https://github.com/sponsors/antfu"
      }
    }
  }
}
